
Microsoft Visual Studio Solution File, Format Version 12.00
# Visual Studio 2013
VisualStudioVersion = 12.0.31101.0
MinimumVisualStudioVersion = 10.0.40219.1
Project("{FAE04EC0-301F-11D3-BF4B-00C04F79EFBC}") = "Quiron.LojaVirtual.Dominio", "Quiron.LojaVirtual.Dominio\Quiron.LojaVirtual.Dominio.csproj", "{A441F0BB-7A20-4388-A0C3-443437D4EFC4}"
EndProject
Project("{FAE04EC0-301F-11D3-BF4B-00C04F79EFBC}") = "Quiron.LojaVirtual.Web", "Quiron.LojaVirtual.Web\Quiron.LojaVirtual.Web.csproj", "{9BE3CCA1-226A-4790-BAFC-54E506E4D2F5}"
EndProject
Project("{FAE04EC0-301F-11D3-BF4B-00C04F79EFBC}") = "Quiron.LojaVirtual.UnitTest", "Quiron.LojaVirtual.UnitTest\Quiron.LojaVirtual.UnitTest.csproj", "{1E9BC9F7-4CF8-4D2B-B48F-4D3EF95B72F7}"
EndProject
Project("{2150E333-8FDC-42A3-9474-1A3956D46DE8}") = "Solution Items", "Solution Items", "{5133240D-9FDD-4B7B-B9B6-BDAA57F5F52F}"
	ProjectSection(SolutionItems) = preProject
		Script_Banco.txt = Script_Banco.txt
	EndProjectSection
EndProject
Global
	GlobalSection(SolutionConfigurationPlatforms) = preSolution
		Debug|Any CPU = Debug|Any CPU
		Release|Any CPU = Release|Any CPU
	EndGlobalSection
	GlobalSection(ProjectConfigurationPlatforms) = postSolution
		{A441F0BB-7A20-4388-A0C3-443437D4EFC4}.Debug|Any CPU.ActiveCfg = Debug|Any CPU
		{A441F0BB-7A20-4388-A0C3-443437D4EFC4}.Debug|Any CPU.Build.0 = Debug|Any CPU
		{A441F0BB-7A20-4388-A0C3-443437D4EFC4}.Release|Any CPU.ActiveCfg = Release|Any CPU
		{A441F0BB-7A20-4388-A0C3-443437D4EFC4}.Release|Any CPU.Build.0 = Release|Any CPU
		{9BE3CCA1-226A-4790-BAFC-54E506E4D2F5}.Debug|Any CPU.ActiveCfg = Debug|Any CPU
		{9BE3CCA1-226A-4790-BAFC-54E506E4D2F5}.Debug|Any CPU.Build.0 = Debug|Any CPU
		{9BE3CCA1-226A-4790-BAFC-54E506E4D2F5}.Release|Any CPU.ActiveCfg = Release|Any CPU
		{9BE3CCA1-226A-4790-BAFC-54E506E4D2F5}.Release|Any CPU.Build.0 = Release|Any CPU
		{1E9BC9F7-4CF8-4D2B-B48F-4D3EF95B72F7}.Debug|Any CPU.ActiveCfg = Debug|Any CPU
		{1E9BC9F7-4CF8-4D2B-B48F-4D3EF95B72F7}.Debug|Any CPU.Build.0 = Debug|Any CPU
		{1E9BC9F7-4CF8-4D2B-B48F-4D3EF95B72F7}.Release|Any CPU.ActiveCfg = Release|Any CPU
		{1E9BC9F7-4CF8-4D2B-B48F-4D3EF95B72F7}.Release|Any CPU.Build.0 = Release|Any CPU
	EndGlobalSection
	GlobalSection(SolutionProperties) = preSolution
		HideSolutionNode = FALSE
	EndGlobalSection
EndGlobal
